
Microsoft Visual Studio Solution File, Format Version 12.00
# Visual Studio Version 17
VisualStudioVersion = 17.10.35013.160
MinimumVisualStudioVersion = 10.0.40219.1
Project("{FAE04EC0-301F-11D3-BF4B-00C04F79EFBC}") = "Api", "Api\Api.csproj", "{B8AEB665-6B60-41D6-A069-0E02678D903F}"
EndProject
Project("{FAE04EC0-301F-11D3-BF4B-00C04F79EFBC}") = "Core", "Core\Core.csproj", "{99B61A4C-F04E-48D4-AAD6-B38518AB7366}"
EndProject
Project("{FAE04EC0-301F-11D3-BF4B-00C04F79EFBC}") = "Infrastructure", "Infrastructure\Infrastructure.csproj", "{84237209-3085-4816-B1B3-9F07C2E81D22}"
EndProject
Global
	GlobalSection(SolutionConfigurationPlatforms) = preSolution
		Debug|Any CPU = Debug|Any CPU
		Release|Any CPU = Release|Any CPU
	EndGlobalSection
	GlobalSection(ProjectConfigurationPlatforms) = postSolution
		{B8AEB665-6B60-41D6-A069-0E02678D903F}.Debug|Any CPU.ActiveCfg = Debug|Any CPU
		{B8AEB665-6B60-41D6-A069-0E02678D903F}.Debug|Any CPU.Build.0 = Debug|Any CPU
		{B8AEB665-6B60-41D6-A069-0E02678D903F}.Release|Any CPU.ActiveCfg = Release|Any CPU
		{B8AEB665-6B60-41D6-A069-0E02678D903F}.Release|Any CPU.Build.0 = Release|Any CPU
		{99B61A4C-F04E-48D4-AAD6-B38518AB7366}.Debug|Any CPU.ActiveCfg = Debug|Any CPU
		{99B61A4C-F04E-48D4-AAD6-B38518AB7366}.Debug|Any CPU.Build.0 = Debug|Any CPU
		{99B61A4C-F04E-48D4-AAD6-B38518AB7366}.Release|Any CPU.ActiveCfg = Release|Any CPU
		{99B61A4C-F04E-48D4-AAD6-B38518AB7366}.Release|Any CPU.Build.0 = Release|Any CPU
		{84237209-3085-4816-B1B3-9F07C2E81D22}.Debug|Any CPU.ActiveCfg = Debug|Any CPU
		{84237209-3085-4816-B1B3-9F07C2E81D22}.Debug|Any CPU.Build.0 = Debug|Any CPU
		{84237209-3085-4816-B1B3-9F07C2E81D22}.Release|Any CPU.ActiveCfg = Release|Any CPU
		{84237209-3085-4816-B1B3-9F07C2E81D22}.Release|Any CPU.Build.0 = Release|Any CPU
	EndGlobalSection
	GlobalSection(SolutionProperties) = preSolution
		HideSolutionNode = FALSE
	EndGlobalSection
	GlobalSection(ExtensibilityGlobals) = postSolution
		SolutionGuid = {E63FD2AF-4DFD-4A23-9058-35BC5D25BC17}
	EndGlobalSection
EndGlobal
